// !$*UTF8*$!
{
	archiveVersion = 1;
	classes = {
	};
	objectVersion = 46;
	objects = {

/* Begin PBXBuildFile section */
		046F09491D3F60BC005F4A9E /* Person.m in Sources */ = {isa = PBXBuildFile; fileRef = 046F09481D3F60BC005F4A9E /* Person.m */; };
		046F094C1D3F6105005F4A9E /* Language.m in Sources */ = {isa = PBXBuildFile; fileRef = 046F094B1D3F6105005F4A9E /* Language.m */; };
		046F094F1D3F6120005F4A9E /* IOS.m in Sources */ = {isa = PBXBuildFile; fileRef = 046F094E1D3F6120005F4A9E /* IOS.m */; };
		046F09521D3F6130005F4A9E /* Java.m in Sources */ = {isa = PBXBuildFile; fileRef = 046F09511D3F6130005F4A9E /* Java.m */; };
		04CD31061D3E0FBA001D6146 /* main.m in Sources */ = {isa = PBXBuildFile; fileRef = 04CD31051D3E0FBA001D6146 /* main.m */; };
		04CD31091D3E0FBA001D6146 /* AppDelegate.m in Sources */ = {isa = PBXBuildFile; fileRef = 04CD31081D3E0FBA001D6146 /* AppDelegate.m */; };
		04CD310C1D3E0FBA001D6146 /* ViewController.m in Sources */ = {isa = PBXBuildFile; fileRef = 04CD310B1D3E0FBA001D6146 /* ViewController.m */; };
		04CD310F1D3E0FBA001D6146 /* Main.storyboard in Resources */ = {isa = PBXBuildFile; fileRef = 04CD310D1D3E0FBA001D6146 /* Main.storyboard */; };
		04CD31111D3E0FBA001D6146 /* Assets.xcassets in Resources */ = {isa = PBXBuildFile; fileRef = 04CD31101D3E0FBA001D6146 /* Assets.xcassets */; };
		04CD31141D3E0FBA001D6146 /* LaunchScreen.storyboard in Resources */ = {isa = PBXBuildFile; fileRef = 04CD31121D3E0FBA001D6146 /* LaunchScreen.storyboard */; };
/* End PBXBuildFile section */

/* Begin PBXFileReference section */
		046F09471D3F60BC005F4A9E /* Person.h */ = {isa = PBXFileReference; fileEncoding = 4; lastKnownFileType = sourcecode.c.h; path = Person.h; sourceTree = "<group>"; };
		046F09481D3F60BC005F4A9E /* Person.m */ = {isa = PBXFileReference; fileEncoding = 4; lastKnownFileType = sourcecode.c.objc; path = Person.m; sourceTree = "<group>"; };
		046F094A1D3F6105005F4A9E /* Language.h */ = {isa = PBXFileReference; fileEncoding = 4; lastKnownFileType = sourcecode.c.h; path = Language.h; sourceTree = "<group>"; };
		046F094B1D3F6105005F4A9E /* Language.m */ = {isa = PBXFileReference; fileEncoding = 4; lastKnownFileType = sourcecode.c.objc; path = Language.m; sourceTree = "<group>"; };
		046F094D1D3F6120005F4A9E /* IOS.h */ = {isa = PBXFileReference; fileEncoding = 4; lastKnownFileType = sourcecode.c.h; path = IOS.h; sourceTree = "<group>"; };
		046F094E1D3F6120005F4A9E /* IOS.m */ = {isa = PBXFileReference; fileEncoding = 4; lastKnownFileType = sourcecode.c.objc; path = IOS.m; sourceTree = "<group>"; };
		046F09501D3F6130005F4A9E /* Java.h */ = {isa = PBXFileReference; fileEncoding = 4; lastKnownFileType = sourcecode.c.h; path = Java.h; sourceTree = "<group>"; };
		046F09511D3F6130005F4A9E /* Java.m */ = {isa = PBXFileReference; fileEncoding = 4; lastKnownFileType = sourcecode.c.objc; path = Java.m; sourceTree = "<group>"; };
		04CD31011D3E0FBA001D6146 /* hello world.app */ = {isa = PBXFileReference; explicitFileType = wrapper.application; includeInIndex = 0; path = "hello world.app"; sourceTree = BUILT_PRODUCTS_DIR; };
		04CD31051D3E0FBA001D6146 /* main.m */ = {isa = PBXFileReference; lastKnownFileType = sourcecode.c.objc; path = main.m; sourceTree = "<group>"; };
		04CD31071D3E0FBA001D6146 /* AppDelegate.h */ = {isa = PBXFileReference; lastKnownFileType = sourcecode.c.h; path = AppDelegate.h; sourceTree = "<group>"; };
		04CD31081D3E0FBA001D6146 /* AppDelegate.m */ = {isa = PBXFileReference; lastKnownFileType = sourcecode.c.objc; path = AppDelegate.m; sourceTree = "<group>"; };
		04CD310A1D3E0FBA001D6146 /* ViewController.h */ = {isa = PBXFileReference; lastKnownFileType = sourcecode.c.h; path = ViewController.h; sourceTree = "<group>"; };
		04CD310B1D3E0FBA001D6146 /* ViewController.m */ = {isa = PBXFileReference; lastKnownFileType = sourcecode.c.objc; path = ViewController.m; sourceTree = "<group>"; };
		04CD310E1D3E0FBA001D6146 /* Base */ = {isa = PBXFileReference; lastKnownFileType = file.storyboard; name = Base; path = Base.lproj/Main.storyboard; sourceTree = "<group>"; };
		04CD31101D3E0FBA001D6146 /* Assets.xcassets */ = {isa = PBXFileReference; lastKnownFileType = folder.assetcatalog; path = Assets.xcassets; sourceTree = "<group>"; };
		04CD31131D3E0FBA001D6146 /* Base */ = {isa = PBXFileReference; lastKnownFileType = file.storyboard; name = Base; path = Base.lproj/LaunchScreen.storyboard; sourceTree = "<group>"; };
		04CD31151D3E0FBA001D6146 /* Info.plist */ = {isa = PBXFileReference; lastKnownFileType = text.plist.xml; path = Info.plist; sourceTree = "<group>"; };
/* End PBXFileReference section */

/* Begin PBXFrameworksBuildPhase section */
		04CD30FE1D3E0FBA001D6146 /* Frameworks */ = {
			isa = PBXFrameworksBuildPhase;
			buildActionMask = 2147483647;
			files = (
			);
			runOnlyForDeploymentPostprocessing = 0;
		};
/* End PBXFrameworksBuildPhase section */

/* Begin PBXGroup section */
		04CD30F81D3E0FBA001D6146 = {
			isa = PBXGroup;
			children = (
				04CD31031D3E0FBA001D6146 /* hello world */,
				04CD31021D3E0FBA001D6146 /* Products */,
			);
			sourceTree = "<group>";
		};
		04CD31021D3E0FBA001D6146 /* Products */ = {
			isa = PBXGroup;
			children = (
				04CD31011D3E0FBA001D6146 /* hello world.app */,
			);
			name = Products;
			sourceTree = "<group>";
		};
		04CD31031D3E0FBA001D6146 /* hello world */ = {
			isa = PBXGroup;
			children = (
				04CD31071D3E0FBA001D6146 /* AppDelegate.h */,
				04CD31081D3E0FBA001D6146 /* AppDelegate.m */,
				04CD310A1D3E0FBA001D6146 /* ViewController.h */,
				04CD310B1D3E0FBA001D6146 /* ViewController.m */,
				046F09471D3F60BC005F4A9E /* Person.h */,
				046F09481D3F60BC005F4A9E /* Person.m */,
				046F094A1D3F6105005F4A9E /* Language.h */,
				046F094B1D3F6105005F4A9E /* Language.m */,
				046F094D1D3F6120005F4A9E /* IOS.h */,
				046F094E1D3F6120005F4A9E /* IOS.m */,
				046F09501D3F6130005F4A9E /* Java.h */,
				046F09511D3F6130005F4A9E /* Java.m */,
				04CD310D1D3E0FBA001D6146 /* Main.storyboard */,
				04CD31101D3E0FBA001D6146 /* Assets.xcassets */,
				04CD31121D3E0FBA001D6146 /* LaunchScreen.storyboard */,
				04CD31151D3E0FBA001D6146 /* Info.plist */,
				04CD31041D3E0FBA001D6146 /* Supporting Files */,
			);
			path = "hello world";
			sourceTree = "<group>";
		};
		04CD31041D3E0FBA001D6146 /* Supporting Files */ = {
			isa = PBXGroup;
			children = (
				04CD31051D3E0FBA001D6146 /* main.m */,
			);
			name = "Supporting Files";
			sourceTree = "<group>";
		};
/* End PBXGroup section */

/* Begin PBXNativeTarget section */
		04CD31001D3E0FBA001D6146 /* hello world */ = {
			isa = PBXNativeTarget;
			buildConfigurationList = 04CD31181D3E0FBA001D6146 /* Build configuration list for PBXNativeTarget "hello world" */;
			buildPhases = (
				04CD30FD1D3E0FBA001D6146 /* Sources */,
				04CD30FE1D3E0FBA001D6146 /* Frameworks */,
				04CD30FF1D3E0FBA001D6146 /* Resources */,
			);
			buildRules = (
			);
			dependencies = (
			);
			name = "hello world";
			productName = "hello world";
			productReference = 04CD31011D3E0FBA001D6146 /* hello world.app */;
			productType = "com.apple.product-type.application";
		};
/* End PBXNativeTarget section */

/* Begin PBXProject section */
		04CD30F91D3E0FBA001D6146 /* Project object */ = {
			isa = PBXProject;
			attributes = {
				LastUpgradeCheck = 0730;
				ORGANIZATIONNAME = gaoshan;
				TargetAttributes = {
					04CD31001D3E0FBA001D6146 = {
						CreatedOnToolsVersion = 7.3.1;
					};
				};
			};
			buildConfigurationList = 04CD30FC1D3E0FBA001D6146 /* Build configuration list for PBXProject "hello world" */;
			compatibilityVersion = "Xcode 3.2";
			developmentRegion = English;
			hasScannedForEncodings = 0;
			knownRegions = (
				en,
				Base,
			);
			mainGroup = 04CD30F81D3E0FBA001D6146;
			productRefGroup = 04CD31021D3E0FBA001D6146 /* Products */;
			projectDirPath = "";
			projectRoot = "";
			targets = (
				04CD31001D3E0FBA001D6146 /* hello world */,
			);
		};
/* End PBXProject section */

/* Begin PBXResourcesBuildPhase section */
		04CD30FF1D3E0FBA001D6146 /* Resources */ = {
			isa = PBXResourcesBuildPhase;
			buildActionMask = 2147483647;
			files = (
				04CD31141D3E0FBA001D6146 /* LaunchScreen.storyboard in Resources */,
				04CD31111D3E0FBA001D6146 /* Assets.xcassets in Resources */,
				04CD310F1D3E0FBA001D6146 /* Main.storyboard in Resources */,
			);
			runOnlyForDeploymentPostprocessing = 0;
		};
/* End PBXResourcesBuildPhase section */

/* Begin PBXSourcesBuildPhase section */
		04CD30FD1D3E0FBA001D6146 /* Sources */ = {
			isa = PBXSourcesBuildPhase;
			buildActionMask = 2147483647;
			files = (
				046F094C1D3F6105005F4A9E /* Language.m in Sources */,
				046F09521D3F6130005F4A9E /* Java.m in Sources */,
				04CD310C1D3E0FBA001D6146 /* ViewController.m in Sources */,
				04CD31091D3E0FBA001D6146 /* AppDelegate.m in Sources */,
				046F094F1D3F6120005F4A9E /* IOS.m in Sources */,
				046F09491D3F60BC005F4A9E /* Person.m in Sources */,
				04CD31061D3E0FBA001D6146 /* main.m in Sources */,
			);
			runOnlyForDeploymentPostprocessing = 0;
		};
/* End PBXSourcesBuildPhase section */

/* Begin PBXVariantGroup section */
		04CD310D1D3E0FBA001D6146 /* Main.storyboard */ = {
			isa = PBXVariantGroup;
			children = (
				04CD310E1D3E0FBA001D6146 /* Base */,
			);
			name = Main.storyboard;
			sourceTree = "<group>";
		};
		04CD31121D3E0FBA001D6146 /* LaunchScreen.storyboard */ = {
			isa = PBXVariantGroup;
			children = (
				04CD31131D3E0FBA001D6146 /* Base */,
			);
			name = LaunchScreen.storyboard;
			sourceTree = "<group>";
		};
/* End PBXVariantGroup section */

/* Begin XCBuildConfiguration section */
		04CD31161D3E0FBA001D6146 /* Debug */ = {
			isa = XCBuildConfiguration;
			buildSettings = {
				ALWAYS_SEARCH_USER_PATHS = NO;
				CLANG_ANALYZER_NONNULL = YES;
				CLANG_CXX_LANGUAGE_STANDARD = "gnu++0x";
				CLANG_CXX_LIBRARY = "libc++";
				CLANG_ENABLE_MODULES = YES;
				CLANG_ENABLE_OBJC_ARC = YES;
				CLANG_WARN_BOOL_CONVERSION = YES;
				CLANG_WARN_CONSTANT_CONVERSION = YES;
				CLANG_WARN_DIRECT_OBJC_ISA_USAGE = YES_ERROR;
				CLANG_WARN_EMPTY_BODY = YES;
				CLANG_WARN_ENUM_CONVERSION = YES;
				CLANG_WARN_INT_CONVERSION = YES;
				CLANG_WARN_OBJC_ROOT_CLASS = YES_ERROR;
				CLANG_WARN_UNREACHABLE_CODE = YES;
				CLANG_WARN__DUPLICATE_METHOD_MATCH = YES;
				"CODE_SIGN_IDENTITY[sdk=iphoneos*]" = "iPhone Developer";
				COPY_PHASE_STRIP = NO;
				DEBUG_INFORMATION_FORMAT = dwarf;
				ENABLE_STRICT_OBJC_MSGSEND = YES;
				ENABLE_TESTABILITY = YES;
				GCC_C_LANGUAGE_STANDARD = gnu99;
				GCC_DYNAMIC_NO_PIC = NO;
				GCC_NO_COMMON_BLOCKS = YES;
				GCC_OPTIMIZATION_LEVEL = 0;
				GCC_PREPROCESSOR_DEFINITIONS = (
					"DEBUG=1",
					"$(inherited)",
				);
				GCC_WARN_64_TO_32_BIT_CONVERSION = YES;
				GCC_WARN_ABOUT_RETURN_TYPE = YES_ERROR;
				GCC_WARN_UNDECLARED_SELECTOR = YES;
				GCC_WARN_UNINITIALIZED_AUTOS = YES_AGGRESSIVE;
				GCC_WARN_UNUSED_FUNCTION = YES;
				GCC_WARN_UNUSED_VARIABLE = YES;
				IPHONEOS_DEPLOYMENT_TARGET = 9.3;
				MTL_ENABLE_DEBUG_INFO = YES;
				ONLY_ACTIVE_ARCH = YES;
				SDKROOT = iphoneos;
			};
			name = Debug;
		};
		04CD31171D3E0FBA001D6146 /* Release */ = {
			isa = XCBuildConfiguration;
			buildSettings = {
				ALWAYS_SEARCH_USER_PATHS = NO;
				CLANG_ANALYZER_NONNULL = YES;
				CLANG_CXX_LANGUAGE_STANDARD = "gnu++0x";
				CLANG_CXX_LIBRARY = "libc++";
				CLANG_ENABLE_MODULES = YES;
				CLANG_ENABLE_OBJC_ARC = YES;
				CLANG_WARN_BOOL_CONVERSION = YES;
				CLANG_WARN_CONSTANT_CONVERSION = YES;
				CLANG_WARN_DIRECT_OBJC_ISA_USAGE = YES_ERROR;
				CLANG_WARN_EMPTY_BODY = YES;
				CLANG_WARN_ENUM_CONVERSION = YES;
				CLANG_WARN_INT_CONVERSION = YES;
				CLANG_WARN_OBJC_ROOT_CLASS = YES_ERROR;
				CLANG_WARN_UNREACHABLE_CODE = YES;
				CLANG_WARN__DUPLICATE_METHOD_MATCH = YES;
				"CODE_SIGN_IDENTITY[sdk=iphoneos*]" = "iPhone Developer";
				COPY_PHASE_STRIP = NO;
				DEBUG_INFORMATION_FORMAT = "dwarf-with-dsym";
				ENABLE_NS_ASSERTIONS = NO;
				ENABLE_STRICT_OBJC_MSGSEND = YES;
				GCC_C_LANGUAGE_STANDARD = gnu99;
				GCC_NO_COMMON_BLOCKS = YES;
				GCC_WARN_64_TO_32_BIT_CONVERSION = YES;
				GCC_WARN_ABOUT_RETURN_TYPE = YES_ERROR;
				GCC_WARN_UNDECLARED_SELECTOR = YES;
				GCC_WARN_UNINITIALIZED_AUTOS = YES_AGGRESSIVE;
				GCC_WARN_UNUSED_FUNCTION = YES;
				GCC_WARN_UNUSED_VARIABLE = YES;
				IPHONEOS_DEPLOYMENT_TARGET = 9.3;
				MTL_ENABLE_DEBUG_INFO = NO;
				SDKROOT = iphoneos;
				VALIDATE_PRODUCT = YES;
			};
			name = Release;
		};
		04CD31191D3E0FBA001D6146 /* Debug */ = {
			isa = XCBuildConfiguration;
			buildSettings = {
				ASSETCATALOG_COMPILER_APPICON_NAME = AppIcon;
				INFOPLIST_FILE = "hello world/Info.plist";
				LD_RUNPATH_SEARCH_PATHS = "$(inherited) @executable_path/Frameworks";
				PRODUCT_BUNDLE_IDENTIFIER = "msxf.hello-world";
				PRODUCT_NAME = "$(TARGET_NAME)";
			};
			name = Debug;
		};
		04CD311A1D3E0FBA001D6146 /* Release */ = {
			isa = XCBuildConfiguration;
			buildSettings = {
				ASSETCATALOG_COMPILER_APPICON_NAME = AppIcon;
				INFOPLIST_FILE = "hello world/Info.plist";
				LD_RUNPATH_SEARCH_PATHS = "$(inherited) @executable_path/Frameworks";
				PRODUCT_BUNDLE_IDENTIFIER = "msxf.hello-world";
				PRODUCT_NAME = "$(TARGET_NAME)";
			};
			name = Release;
		};
/* End XCBuildConfiguration section */

/* Begin XCConfigurationList section */
		04CD30FC1D3E0FBA001D6146 /* Build configuration list for PBXProject "hello world" */ = {
			isa = XCConfigurationList;
			buildConfigurations = (
				04CD31161D3E0FBA001D6146 /* Debug */,
				04CD31171D3E0FBA001D6146 /* Release */,
			);
			defaultConfigurationIsVisible = 0;
			defaultConfigurationName = Release;
		};
		04CD31181D3E0FBA001D6146 /* Build configuration list for PBXNativeTarget "hello world" */ = {
			isa = XCConfigurationList;
			buildConfigurations = (
				04CD31191D3E0FBA001D6146 /* Debug */,
				04CD311A1D3E0FBA001D6146 /* Release */,
			);
			defaultConfigurationIsVisible = 0;
			defaultConfigurationName = Release;
		};
/* End XCConfigurationList section */
	};
	rootObject = 04CD30F91D3E0FBA001D6146 /* Project object */;
}
